
Microsoft Visual Studio Solution File, Format Version 12.00
# Visual Studio Version 17
VisualStudioVersion = 17.5.002.0
MinimumVisualStudioVersion = 10.0.40219.1
Project("{9A19103F-16F7-4668-BE54-9A1E7A4F7556}") = "GuessingGame", "GuessingGame.csproj", "{F030BF22-B693-4DD0-B96E-70690BF1269D}"
EndProject
Global
	GlobalSection(SolutionConfigurationPlatforms) = preSolution
		Debug|Any CPU = Debug|Any CPU
		Release|Any CPU = Release|Any CPU
	EndGlobalSection
	GlobalSection(ProjectConfigurationPlatforms) = postSolution
		{F030BF22-B693-4DD0-B96E-70690BF1269D}.Debug|Any CPU.ActiveCfg = Debug|Any CPU
		{F030BF22-B693-4DD0-B96E-70690BF1269D}.Debug|Any CPU.Build.0 = Debug|Any CPU
		{F030BF22-B693-4DD0-B96E-70690BF1269D}.Release|Any CPU.ActiveCfg = Release|Any CPU
		{F030BF22-B693-4DD0-B96E-70690BF1269D}.Release|Any CPU.Build.0 = Release|Any CPU
	EndGlobalSection
	GlobalSection(SolutionProperties) = preSolution
		HideSolutionNode = FALSE
	EndGlobalSection
	GlobalSection(ExtensibilityGlobals) = postSolution
		SolutionGuid = {DE3A2CB0-0F54-4D7A-B3BD-95ECAD19788F}
	EndGlobalSection
EndGlobal
